
Microsoft Visual Studio Solution File, Format Version 12.00
# Visual Studio Version 16
VisualStudioVersion = 16.0.31019.35
MinimumVisualStudioVersion = 10.0.40219.1
Project("{FAE04EC0-301F-11D3-BF4B-00C04F79EFBC}") = "Alltogether", "Alltogether.csproj", "{9861971B-1B83-4AD5-949A-010A484C34EB}"
EndProject
Project("{FAE04EC0-301F-11D3-BF4B-00C04F79EFBC}") = "figureAllPrime", "..\figureAllPrime\figureAllPrime.csproj", "{8DC9EE38-866D-4C51-A755-D6ACCC122E16}"
EndProject
Project("{FAE04EC0-301F-11D3-BF4B-00C04F79EFBC}") = "FigureArray", "..\FigureArray\FigureArray.csproj", "{16F950B4-8378-4E3B-8333-B7BD3B21AD64}"
EndProject
Project("{FAE04EC0-301F-11D3-BF4B-00C04F79EFBC}") = "Figure1to100Prime", "..\Figure1to100Prime\Figure1to100Prime.csproj", "{C844C702-5B6A-4D15-9E47-9611A6C36487}"
EndProject
Project("{FAE04EC0-301F-11D3-BF4B-00C04F79EFBC}") = "Toeplitz", "..\Toeplitz\Toeplitz.csproj", "{B06F5D41-CACB-48D4-9823-B19CE51ED0E5}"
EndProject
Global
	GlobalSection(SolutionConfigurationPlatforms) = preSolution
		Debug|Any CPU = Debug|Any CPU
		Release|Any CPU = Release|Any CPU
	EndGlobalSection
	GlobalSection(ProjectConfigurationPlatforms) = postSolution
		{9861971B-1B83-4AD5-949A-010A484C34EB}.Debug|Any CPU.ActiveCfg = Debug|Any CPU
		{9861971B-1B83-4AD5-949A-010A484C34EB}.Debug|Any CPU.Build.0 = Debug|Any CPU
		{9861971B-1B83-4AD5-949A-010A484C34EB}.Release|Any CPU.ActiveCfg = Release|Any CPU
		{9861971B-1B83-4AD5-949A-010A484C34EB}.Release|Any CPU.Build.0 = Release|Any CPU
		{8DC9EE38-866D-4C51-A755-D6ACCC122E16}.Debug|Any CPU.ActiveCfg = Debug|Any CPU
		{8DC9EE38-866D-4C51-A755-D6ACCC122E16}.Debug|Any CPU.Build.0 = Debug|Any CPU
		{8DC9EE38-866D-4C51-A755-D6ACCC122E16}.Release|Any CPU.ActiveCfg = Release|Any CPU
		{8DC9EE38-866D-4C51-A755-D6ACCC122E16}.Release|Any CPU.Build.0 = Release|Any CPU
		{16F950B4-8378-4E3B-8333-B7BD3B21AD64}.Debug|Any CPU.ActiveCfg = Debug|Any CPU
		{16F950B4-8378-4E3B-8333-B7BD3B21AD64}.Debug|Any CPU.Build.0 = Debug|Any CPU
		{16F950B4-8378-4E3B-8333-B7BD3B21AD64}.Release|Any CPU.ActiveCfg = Release|Any CPU
		{16F950B4-8378-4E3B-8333-B7BD3B21AD64}.Release|Any CPU.Build.0 = Release|Any CPU
		{C844C702-5B6A-4D15-9E47-9611A6C36487}.Debug|Any CPU.ActiveCfg = Debug|Any CPU
		{C844C702-5B6A-4D15-9E47-9611A6C36487}.Debug|Any CPU.Build.0 = Debug|Any CPU
		{C844C702-5B6A-4D15-9E47-9611A6C36487}.Release|Any CPU.ActiveCfg = Release|Any CPU
		{C844C702-5B6A-4D15-9E47-9611A6C36487}.Release|Any CPU.Build.0 = Release|Any CPU
		{B06F5D41-CACB-48D4-9823-B19CE51ED0E5}.Debug|Any CPU.ActiveCfg = Debug|Any CPU
		{B06F5D41-CACB-48D4-9823-B19CE51ED0E5}.Debug|Any CPU.Build.0 = Debug|Any CPU
		{B06F5D41-CACB-48D4-9823-B19CE51ED0E5}.Release|Any CPU.ActiveCfg = Release|Any CPU
		{B06F5D41-CACB-48D4-9823-B19CE51ED0E5}.Release|Any CPU.Build.0 = Release|Any CPU
	EndGlobalSection
	GlobalSection(SolutionProperties) = preSolution
		HideSolutionNode = FALSE
	EndGlobalSection
	GlobalSection(ExtensibilityGlobals) = postSolution
		SolutionGuid = {7407FA6C-21B1-4A42-842E-EAFBA27ACED5}
	EndGlobalSection
EndGlobal
