
Microsoft Visual Studio Solution File, Format Version 12.00
# Visual Studio Version 16
VisualStudioVersion = 16.0.31019.35
MinimumVisualStudioVersion = 10.0.40219.1
Project("{FAE04EC0-301F-11D3-BF4B-00C04F79EFBC}") = "homework12", "homework12\homework12.csproj", "{9EB13A63-8964-4550-A12D-67EE557E4E61}"
EndProject
Global
	GlobalSection(SolutionConfigurationPlatforms) = preSolution
		Debug|Any CPU = Debug|Any CPU
		Release|Any CPU = Release|Any CPU
	EndGlobalSection
	GlobalSection(ProjectConfigurationPlatforms) = postSolution
		{9EB13A63-8964-4550-A12D-67EE557E4E61}.Debug|Any CPU.ActiveCfg = Debug|Any CPU
		{9EB13A63-8964-4550-A12D-67EE557E4E61}.Debug|Any CPU.Build.0 = Debug|Any CPU
		{9EB13A63-8964-4550-A12D-67EE557E4E61}.Release|Any CPU.ActiveCfg = Release|Any CPU
		{9EB13A63-8964-4550-A12D-67EE557E4E61}.Release|Any CPU.Build.0 = Release|Any CPU
	EndGlobalSection
	GlobalSection(SolutionProperties) = preSolution
		HideSolutionNode = FALSE
	EndGlobalSection
	GlobalSection(ExtensibilityGlobals) = postSolution
		SolutionGuid = {3755E118-B919-49F1-8EDE-3862F887AB20}
	EndGlobalSection
EndGlobal
