
Microsoft Visual Studio Solution File, Format Version 12.00
# Visual Studio Version 16
VisualStudioVersion = 16.0.31019.35
MinimumVisualStudioVersion = 10.0.40219.1
Project("{FAE04EC0-301F-11D3-BF4B-00C04F79EFBC}") = "Figure1to100Prime", "Figure1to100Prime.csproj", "{C844C702-5B6A-4D15-9E47-9611A6C36487}"
EndProject
Global
	GlobalSection(SolutionConfigurationPlatforms) = preSolution
		Debug|Any CPU = Debug|Any CPU
		Release|Any CPU = Release|Any CPU
	EndGlobalSection
	GlobalSection(ProjectConfigurationPlatforms) = postSolution
		{C844C702-5B6A-4D15-9E47-9611A6C36487}.Debug|Any CPU.ActiveCfg = Debug|Any CPU
		{C844C702-5B6A-4D15-9E47-9611A6C36487}.Debug|Any CPU.Build.0 = Debug|Any CPU
		{C844C702-5B6A-4D15-9E47-9611A6C36487}.Release|Any CPU.ActiveCfg = Release|Any CPU
		{C844C702-5B6A-4D15-9E47-9611A6C36487}.Release|Any CPU.Build.0 = Release|Any CPU
	EndGlobalSection
	GlobalSection(SolutionProperties) = preSolution
		HideSolutionNode = FALSE
	EndGlobalSection
	GlobalSection(ExtensibilityGlobals) = postSolution
		SolutionGuid = {A7ACFB58-E01D-4AD2-8B08-5DEB01FE5A02}
	EndGlobalSection
EndGlobal
