
Microsoft Visual Studio Solution File, Format Version 12.00
# Visual Studio Version 16
VisualStudioVersion = 16.0.31019.35
MinimumVisualStudioVersion = 10.0.40219.1
Project("{FAE04EC0-301F-11D3-BF4B-00C04F79EFBC}") = "FigureArray", "FigureArray.csproj", "{16F950B4-8378-4E3B-8333-B7BD3B21AD64}"
EndProject
Global
	GlobalSection(SolutionConfigurationPlatforms) = preSolution
		Debug|Any CPU = Debug|Any CPU
		Release|Any CPU = Release|Any CPU
	EndGlobalSection
	GlobalSection(ProjectConfigurationPlatforms) = postSolution
		{16F950B4-8378-4E3B-8333-B7BD3B21AD64}.Debug|Any CPU.ActiveCfg = Debug|Any CPU
		{16F950B4-8378-4E3B-8333-B7BD3B21AD64}.Debug|Any CPU.Build.0 = Debug|Any CPU
		{16F950B4-8378-4E3B-8333-B7BD3B21AD64}.Release|Any CPU.ActiveCfg = Release|Any CPU
		{16F950B4-8378-4E3B-8333-B7BD3B21AD64}.Release|Any CPU.Build.0 = Release|Any CPU
	EndGlobalSection
	GlobalSection(SolutionProperties) = preSolution
		HideSolutionNode = FALSE
	EndGlobalSection
	GlobalSection(ExtensibilityGlobals) = postSolution
		SolutionGuid = {8D86F463-84D9-493C-BCF0-3FC9B106F8A0}
	EndGlobalSection
EndGlobal
